
Microsoft Visual Studio Solution File, Format Version 12.00
# Visual Studio Version 17
VisualStudioVersion = 17.6.33712.159
MinimumVisualStudioVersion = 10.0.40219.1
Project("{9A19103F-16F7-4668-BE54-9A1E7A4F7556}") = "TiposDeDados1", "TiposDeDados1\TiposDeDados1.csproj", "{7945DC08-E90F-4E7D-B5C7-310A17867D7F}"
EndProject
Project("{9A19103F-16F7-4668-BE54-9A1E7A4F7556}") = "TipoDeDadod2", "TipoDeDadod2\TipoDeDadod2.csproj", "{440A7040-58E3-4A52-955F-F3F7086E86FA}"
EndProject
Project("{9A19103F-16F7-4668-BE54-9A1E7A4F7556}") = "TiposDeDados3", "TiposDeDados3\TiposDeDados3.csproj", "{D321FC7E-BF42-4D30-BA1F-AEC94355E5C1}"
EndProject
Project("{9A19103F-16F7-4668-BE54-9A1E7A4F7556}") = "TiposDeDados4", "TiposDeDados4\TiposDeDados4.csproj", "{15EFD437-D87F-405F-BC9B-6135560011F0}"
EndProject
Project("{FAE04EC0-301F-11D3-BF4B-00C04F79EFBC}") = "TipoDataTime1", "TipoDataTime1\TipoDataTime1.csproj", "{437F1020-C715-4D80-B7E1-34ABCCA4B59D}"
EndProject
Project("{FAE04EC0-301F-11D3-BF4B-00C04F79EFBC}") = "NullableTypes1", "NullableTypes1\NullableTypes1.csproj", "{E91C0B86-AF19-4E24-8126-A49121512423}"
EndProject
Global
	GlobalSection(SolutionConfigurationPlatforms) = preSolution
		Debug|Any CPU = Debug|Any CPU
		Release|Any CPU = Release|Any CPU
	EndGlobalSection
	GlobalSection(ProjectConfigurationPlatforms) = postSolution
		{7945DC08-E90F-4E7D-B5C7-310A17867D7F}.Debug|Any CPU.ActiveCfg = Debug|Any CPU
		{7945DC08-E90F-4E7D-B5C7-310A17867D7F}.Debug|Any CPU.Build.0 = Debug|Any CPU
		{7945DC08-E90F-4E7D-B5C7-310A17867D7F}.Release|Any CPU.ActiveCfg = Release|Any CPU
		{7945DC08-E90F-4E7D-B5C7-310A17867D7F}.Release|Any CPU.Build.0 = Release|Any CPU
		{440A7040-58E3-4A52-955F-F3F7086E86FA}.Debug|Any CPU.ActiveCfg = Debug|Any CPU
		{440A7040-58E3-4A52-955F-F3F7086E86FA}.Debug|Any CPU.Build.0 = Debug|Any CPU
		{440A7040-58E3-4A52-955F-F3F7086E86FA}.Release|Any CPU.ActiveCfg = Release|Any CPU
		{440A7040-58E3-4A52-955F-F3F7086E86FA}.Release|Any CPU.Build.0 = Release|Any CPU
		{D321FC7E-BF42-4D30-BA1F-AEC94355E5C1}.Debug|Any CPU.ActiveCfg = Debug|Any CPU
		{D321FC7E-BF42-4D30-BA1F-AEC94355E5C1}.Debug|Any CPU.Build.0 = Debug|Any CPU
		{D321FC7E-BF42-4D30-BA1F-AEC94355E5C1}.Release|Any CPU.ActiveCfg = Release|Any CPU
		{D321FC7E-BF42-4D30-BA1F-AEC94355E5C1}.Release|Any CPU.Build.0 = Release|Any CPU
		{15EFD437-D87F-405F-BC9B-6135560011F0}.Debug|Any CPU.ActiveCfg = Debug|Any CPU
		{15EFD437-D87F-405F-BC9B-6135560011F0}.Debug|Any CPU.Build.0 = Debug|Any CPU
		{15EFD437-D87F-405F-BC9B-6135560011F0}.Release|Any CPU.ActiveCfg = Release|Any CPU
		{15EFD437-D87F-405F-BC9B-6135560011F0}.Release|Any CPU.Build.0 = Release|Any CPU
		{437F1020-C715-4D80-B7E1-34ABCCA4B59D}.Debug|Any CPU.ActiveCfg = Debug|Any CPU
		{437F1020-C715-4D80-B7E1-34ABCCA4B59D}.Debug|Any CPU.Build.0 = Debug|Any CPU
		{437F1020-C715-4D80-B7E1-34ABCCA4B59D}.Release|Any CPU.ActiveCfg = Release|Any CPU
		{437F1020-C715-4D80-B7E1-34ABCCA4B59D}.Release|Any CPU.Build.0 = Release|Any CPU
		{E91C0B86-AF19-4E24-8126-A49121512423}.Debug|Any CPU.ActiveCfg = Debug|Any CPU
		{E91C0B86-AF19-4E24-8126-A49121512423}.Debug|Any CPU.Build.0 = Debug|Any CPU
		{E91C0B86-AF19-4E24-8126-A49121512423}.Release|Any CPU.ActiveCfg = Release|Any CPU
		{E91C0B86-AF19-4E24-8126-A49121512423}.Release|Any CPU.Build.0 = Release|Any CPU
	EndGlobalSection
	GlobalSection(SolutionProperties) = preSolution
		HideSolutionNode = FALSE
	EndGlobalSection
	GlobalSection(ExtensibilityGlobals) = postSolution
		SolutionGuid = {E147441E-9A99-4D14-9269-86D276AAFCF2}
	EndGlobalSection
EndGlobal
